
Microsoft Visual Studio Solution File, Format Version 12.00
# Visual Studio Version 16
VisualStudioVersion = 16.0.30621.155
MinimumVisualStudioVersion = 10.0.40219.1
Project("{FAE04EC0-301F-11D3-BF4B-00C04F79EFBC}") = "PRAC3", "PRAC3\PRAC3.csproj", "{D9FF43A5-C9AD-4D1F-AB4D-DAD5BA8C7E56}"
EndProject
Global
	GlobalSection(SolutionConfigurationPlatforms) = preSolution
		Debug|Any CPU = Debug|Any CPU
		Release|Any CPU = Release|Any CPU
	EndGlobalSection
	GlobalSection(ProjectConfigurationPlatforms) = postSolution
		{D9FF43A5-C9AD-4D1F-AB4D-DAD5BA8C7E56}.Debug|Any CPU.ActiveCfg = Debug|Any CPU
		{D9FF43A5-C9AD-4D1F-AB4D-DAD5BA8C7E56}.Debug|Any CPU.Build.0 = Debug|Any CPU
		{D9FF43A5-C9AD-4D1F-AB4D-DAD5BA8C7E56}.Release|Any CPU.ActiveCfg = Release|Any CPU
		{D9FF43A5-C9AD-4D1F-AB4D-DAD5BA8C7E56}.Release|Any CPU.Build.0 = Release|Any CPU
	EndGlobalSection
	GlobalSection(SolutionProperties) = preSolution
		HideSolutionNode = FALSE
	EndGlobalSection
	GlobalSection(ExtensibilityGlobals) = postSolution
		SolutionGuid = {D3611309-04B2-49F3-81F4-654496C1A825}
	EndGlobalSection
EndGlobal
